
Microsoft Visual Studio Solution File, Format Version 12.00
# Visual Studio Version 16
VisualStudioVersion = 16.0.30114.105
MinimumVisualStudioVersion = 10.0.40219.1
Project("{FAE04EC0-301F-11D3-BF4B-00C04F79EFBC}") = "Basics", "Basics\Basics.csproj", "{E0C2667A-C72F-471A-9F98-08E2B96C8D59}"
EndProject
Global
	GlobalSection(SolutionConfigurationPlatforms) = preSolution
		Debug|Any CPU = Debug|Any CPU
		Release|Any CPU = Release|Any CPU
	EndGlobalSection
	GlobalSection(ProjectConfigurationPlatforms) = postSolution
		{E0C2667A-C72F-471A-9F98-08E2B96C8D59}.Debug|Any CPU.ActiveCfg = Debug|Any CPU
		{E0C2667A-C72F-471A-9F98-08E2B96C8D59}.Debug|Any CPU.Build.0 = Debug|Any CPU
		{E0C2667A-C72F-471A-9F98-08E2B96C8D59}.Release|Any CPU.ActiveCfg = Release|Any CPU
		{E0C2667A-C72F-471A-9F98-08E2B96C8D59}.Release|Any CPU.Build.0 = Release|Any CPU
	EndGlobalSection
	GlobalSection(SolutionProperties) = preSolution
		HideSolutionNode = FALSE
	EndGlobalSection
	GlobalSection(ExtensibilityGlobals) = postSolution
		SolutionGuid = {D587BFAB-6300-4FE5-8C32-F15E548F0D3A}
	EndGlobalSection
EndGlobal
