
Microsoft Visual Studio Solution File, Format Version 12.00
# Visual Studio Version 16
VisualStudioVersion = 16.0.30114.105
MinimumVisualStudioVersion = 10.0.40219.1
Project("{9A19103F-16F7-4668-BE54-9A1E7A4F7556}") = "Basics", "Basics\Basics.csproj", "{E09E1E8C-9F5A-4D8A-897B-3663FBE8734D}"
EndProject
Project("{9A19103F-16F7-4668-BE54-9A1E7A4F7556}") = "Identity", "Identity\Identity.csproj", "{88ECA6CC-C0E9-4295-A92D-CB9FCEAC0B1A}"
EndProject
Project("{2150E333-8FDC-42A3-9474-1A3956D46DE8}") = "basic", "basic", "{05CBE194-2BB4-404D-ACBE-FCEEF1FD96F4}"
EndProject
Project("{2150E333-8FDC-42A3-9474-1A3956D46DE8}") = "oauth", "oauth", "{970F4313-ED61-46F2-AE6E-40B4B26FE8F5}"
EndProject
Project("{9A19103F-16F7-4668-BE54-9A1E7A4F7556}") = "Server", "Server\Server.csproj", "{F92D03E8-4889-4E17-B6F5-A66329A4C449}"
EndProject
Project("{9A19103F-16F7-4668-BE54-9A1E7A4F7556}") = "Client", "Client\Client.csproj", "{CA6C78BD-2102-402C-B173-A1CE67089A0B}"
EndProject
Project("{9A19103F-16F7-4668-BE54-9A1E7A4F7556}") = "Api", "Api\Api.csproj", "{FCFD963C-0E4A-470F-81F2-F1484D9A946B}"
EndProject
Project("{2150E333-8FDC-42A3-9474-1A3956D46DE8}") = "IdentityServer4", "IdentityServer4", "{A9E4054D-9DFD-447E-8374-D183F10B2627}"
EndProject
Project("{FAE04EC0-301F-11D3-BF4B-00C04F79EFBC}") = "IdentityServer", "IdentityServer\IdentityServer.csproj", "{3C3A6E05-A2B2-45AC-9C6E-6A598ACAB3FC}"
EndProject
Project("{FAE04EC0-301F-11D3-BF4B-00C04F79EFBC}") = "ApiOne", "ApiOne\ApiOne.csproj", "{7CDCEED3-31DF-4988-AA6A-E08BE30DDC5B}"
EndProject
Project("{FAE04EC0-301F-11D3-BF4B-00C04F79EFBC}") = "ApiTwo", "ApiTwo\ApiTwo.csproj", "{1C432DC2-C40D-443B-A043-BDC20ED29C29}"
EndProject
Project("{FAE04EC0-301F-11D3-BF4B-00C04F79EFBC}") = "MvcClient", "MvcClient\MvcClient.csproj", "{E9085226-E838-4836-95FE-38929F15EF1A}"
EndProject
Global
	GlobalSection(SolutionConfigurationPlatforms) = preSolution
		Debug|Any CPU = Debug|Any CPU
		Release|Any CPU = Release|Any CPU
	EndGlobalSection
	GlobalSection(ProjectConfigurationPlatforms) = postSolution
		{E09E1E8C-9F5A-4D8A-897B-3663FBE8734D}.Debug|Any CPU.ActiveCfg = Debug|Any CPU
		{E09E1E8C-9F5A-4D8A-897B-3663FBE8734D}.Debug|Any CPU.Build.0 = Debug|Any CPU
		{E09E1E8C-9F5A-4D8A-897B-3663FBE8734D}.Release|Any CPU.ActiveCfg = Release|Any CPU
		{E09E1E8C-9F5A-4D8A-897B-3663FBE8734D}.Release|Any CPU.Build.0 = Release|Any CPU
		{88ECA6CC-C0E9-4295-A92D-CB9FCEAC0B1A}.Debug|Any CPU.ActiveCfg = Debug|Any CPU
		{88ECA6CC-C0E9-4295-A92D-CB9FCEAC0B1A}.Debug|Any CPU.Build.0 = Debug|Any CPU
		{88ECA6CC-C0E9-4295-A92D-CB9FCEAC0B1A}.Release|Any CPU.ActiveCfg = Release|Any CPU
		{88ECA6CC-C0E9-4295-A92D-CB9FCEAC0B1A}.Release|Any CPU.Build.0 = Release|Any CPU
		{F92D03E8-4889-4E17-B6F5-A66329A4C449}.Debug|Any CPU.ActiveCfg = Debug|Any CPU
		{F92D03E8-4889-4E17-B6F5-A66329A4C449}.Debug|Any CPU.Build.0 = Debug|Any CPU
		{F92D03E8-4889-4E17-B6F5-A66329A4C449}.Release|Any CPU.ActiveCfg = Release|Any CPU
		{F92D03E8-4889-4E17-B6F5-A66329A4C449}.Release|Any CPU.Build.0 = Release|Any CPU
		{CA6C78BD-2102-402C-B173-A1CE67089A0B}.Debug|Any CPU.ActiveCfg = Debug|Any CPU
		{CA6C78BD-2102-402C-B173-A1CE67089A0B}.Debug|Any CPU.Build.0 = Debug|Any CPU
		{CA6C78BD-2102-402C-B173-A1CE67089A0B}.Release|Any CPU.ActiveCfg = Release|Any CPU
		{CA6C78BD-2102-402C-B173-A1CE67089A0B}.Release|Any CPU.Build.0 = Release|Any CPU
		{FCFD963C-0E4A-470F-81F2-F1484D9A946B}.Debug|Any CPU.ActiveCfg = Debug|Any CPU
		{FCFD963C-0E4A-470F-81F2-F1484D9A946B}.Debug|Any CPU.Build.0 = Debug|Any CPU
		{FCFD963C-0E4A-470F-81F2-F1484D9A946B}.Release|Any CPU.ActiveCfg = Release|Any CPU
		{FCFD963C-0E4A-470F-81F2-F1484D9A946B}.Release|Any CPU.Build.0 = Release|Any CPU
		{3C3A6E05-A2B2-45AC-9C6E-6A598ACAB3FC}.Debug|Any CPU.ActiveCfg = Debug|Any CPU
		{3C3A6E05-A2B2-45AC-9C6E-6A598ACAB3FC}.Debug|Any CPU.Build.0 = Debug|Any CPU
		{3C3A6E05-A2B2-45AC-9C6E-6A598ACAB3FC}.Release|Any CPU.ActiveCfg = Release|Any CPU
		{3C3A6E05-A2B2-45AC-9C6E-6A598ACAB3FC}.Release|Any CPU.Build.0 = Release|Any CPU
		{7CDCEED3-31DF-4988-AA6A-E08BE30DDC5B}.Debug|Any CPU.ActiveCfg = Debug|Any CPU
		{7CDCEED3-31DF-4988-AA6A-E08BE30DDC5B}.Debug|Any CPU.Build.0 = Debug|Any CPU
		{7CDCEED3-31DF-4988-AA6A-E08BE30DDC5B}.Release|Any CPU.ActiveCfg = Release|Any CPU
		{7CDCEED3-31DF-4988-AA6A-E08BE30DDC5B}.Release|Any CPU.Build.0 = Release|Any CPU
		{1C432DC2-C40D-443B-A043-BDC20ED29C29}.Debug|Any CPU.ActiveCfg = Debug|Any CPU
		{1C432DC2-C40D-443B-A043-BDC20ED29C29}.Debug|Any CPU.Build.0 = Debug|Any CPU
		{1C432DC2-C40D-443B-A043-BDC20ED29C29}.Release|Any CPU.ActiveCfg = Release|Any CPU
		{1C432DC2-C40D-443B-A043-BDC20ED29C29}.Release|Any CPU.Build.0 = Release|Any CPU
		{E9085226-E838-4836-95FE-38929F15EF1A}.Debug|Any CPU.ActiveCfg = Debug|Any CPU
		{E9085226-E838-4836-95FE-38929F15EF1A}.Debug|Any CPU.Build.0 = Debug|Any CPU
		{E9085226-E838-4836-95FE-38929F15EF1A}.Release|Any CPU.ActiveCfg = Release|Any CPU
		{E9085226-E838-4836-95FE-38929F15EF1A}.Release|Any CPU.Build.0 = Release|Any CPU
	EndGlobalSection
	GlobalSection(SolutionProperties) = preSolution
		HideSolutionNode = FALSE
	EndGlobalSection
	GlobalSection(NestedProjects) = preSolution
		{E09E1E8C-9F5A-4D8A-897B-3663FBE8734D} = {05CBE194-2BB4-404D-ACBE-FCEEF1FD96F4}
		{88ECA6CC-C0E9-4295-A92D-CB9FCEAC0B1A} = {05CBE194-2BB4-404D-ACBE-FCEEF1FD96F4}
		{F92D03E8-4889-4E17-B6F5-A66329A4C449} = {970F4313-ED61-46F2-AE6E-40B4B26FE8F5}
		{CA6C78BD-2102-402C-B173-A1CE67089A0B} = {970F4313-ED61-46F2-AE6E-40B4B26FE8F5}
		{FCFD963C-0E4A-470F-81F2-F1484D9A946B} = {970F4313-ED61-46F2-AE6E-40B4B26FE8F5}
		{3C3A6E05-A2B2-45AC-9C6E-6A598ACAB3FC} = {A9E4054D-9DFD-447E-8374-D183F10B2627}
		{7CDCEED3-31DF-4988-AA6A-E08BE30DDC5B} = {A9E4054D-9DFD-447E-8374-D183F10B2627}
		{1C432DC2-C40D-443B-A043-BDC20ED29C29} = {A9E4054D-9DFD-447E-8374-D183F10B2627}
		{E9085226-E838-4836-95FE-38929F15EF1A} = {A9E4054D-9DFD-447E-8374-D183F10B2627}
	EndGlobalSection
	GlobalSection(ExtensibilityGlobals) = postSolution
		SolutionGuid = {8C759BF9-917F-46EA-B43C-310677F0A0E6}
	EndGlobalSection
EndGlobal
