
Microsoft Visual Studio Solution File, Format Version 12.00
# Visual Studio Version 16
VisualStudioVersion = 16.0.30114.105
MinimumVisualStudioVersion = 10.0.40219.1
Project("{9A19103F-16F7-4668-BE54-9A1E7A4F7556}") = "Basics", "Basics\Basics.csproj", "{E09E1E8C-9F5A-4D8A-897B-3663FBE8734D}"
EndProject
Project("{FAE04EC0-301F-11D3-BF4B-00C04F79EFBC}") = "Identity", "Identity\Identity.csproj", "{88ECA6CC-C0E9-4295-A92D-CB9FCEAC0B1A}"
EndProject
Global
	GlobalSection(SolutionConfigurationPlatforms) = preSolution
		Debug|Any CPU = Debug|Any CPU
		Release|Any CPU = Release|Any CPU
	EndGlobalSection
	GlobalSection(ProjectConfigurationPlatforms) = postSolution
		{E09E1E8C-9F5A-4D8A-897B-3663FBE8734D}.Debug|Any CPU.ActiveCfg = Debug|Any CPU
		{E09E1E8C-9F5A-4D8A-897B-3663FBE8734D}.Debug|Any CPU.Build.0 = Debug|Any CPU
		{E09E1E8C-9F5A-4D8A-897B-3663FBE8734D}.Release|Any CPU.ActiveCfg = Release|Any CPU
		{E09E1E8C-9F5A-4D8A-897B-3663FBE8734D}.Release|Any CPU.Build.0 = Release|Any CPU
		{88ECA6CC-C0E9-4295-A92D-CB9FCEAC0B1A}.Debug|Any CPU.ActiveCfg = Debug|Any CPU
		{88ECA6CC-C0E9-4295-A92D-CB9FCEAC0B1A}.Debug|Any CPU.Build.0 = Debug|Any CPU
		{88ECA6CC-C0E9-4295-A92D-CB9FCEAC0B1A}.Release|Any CPU.ActiveCfg = Release|Any CPU
		{88ECA6CC-C0E9-4295-A92D-CB9FCEAC0B1A}.Release|Any CPU.Build.0 = Release|Any CPU
	EndGlobalSection
	GlobalSection(SolutionProperties) = preSolution
		HideSolutionNode = FALSE
	EndGlobalSection
	GlobalSection(ExtensibilityGlobals) = postSolution
		SolutionGuid = {8C759BF9-917F-46EA-B43C-310677F0A0E6}
	EndGlobalSection
EndGlobal
